
Microsoft Visual Studio Solution File, Format Version 12.00
# Visual Studio 2013
VisualStudioVersion = 12.0.0.0
MinimumVisualStudioVersion = 10.0.0.1
Project("{FAE04EC0-301F-11D3-BF4B-00C04F79EFBC}") = "Day01", "Day01\Day01.csproj", "{062071E9-EB11-412D-8043-D259D02FB71C}"
EndProject
Project("{FAE04EC0-301F-11D3-BF4B-00C04F79EFBC}") = "Day02", "Day02\Day02.csproj", "{3DC0AE01-BD78-4EF6-9E76-D314E0F86221}"
EndProject
Project("{FAE04EC0-301F-11D3-BF4B-00C04F79EFBC}") = "Day03", "Day03\Day03.csproj", "{03DC9AF4-5ECC-4DF7-ABAC-5D57B73AB75C}"
EndProject
Project("{FAE04EC0-301F-11D3-BF4B-00C04F79EFBC}") = "Day04", "Day04\Day04.csproj", "{045408A3-E885-4F73-BEF0-31B8E8FEFAED}"
EndProject
Project("{FAE04EC0-301F-11D3-BF4B-00C04F79EFBC}") = "Day05", "Day05\Day05.csproj", "{6D243800-562A-4E3E-AECA-B95ADEEB7119}"
EndProject
Project("{FAE04EC0-301F-11D3-BF4B-00C04F79EFBC}") = "Day06", "Day06\Day06.csproj", "{94ACFEDC-5EA0-4BFF-B138-890C00224B34}"
EndProject
Project("{FAE04EC0-301F-11D3-BF4B-00C04F79EFBC}") = "Day07", "Day07\Day07.csproj", "{FAF33757-5E2C-40F0-8055-3D006EF52475}"
EndProject
Project("{FAE04EC0-301F-11D3-BF4B-00C04F79EFBC}") = "Day08", "Day08\Day08.csproj", "{E6F5C13A-919D-4E8A-BD3F-28AC64963504}"
EndProject
Project("{FAE04EC0-301F-11D3-BF4B-00C04F79EFBC}") = "Day09", "Day09\Day09.csproj", "{5E3C925E-1D4C-4175-9A40-803792496C4D}"
EndProject
Project("{FAE04EC0-301F-11D3-BF4B-00C04F79EFBC}") = "Day10", "Day10\Day10.csproj", "{7E037B43-E7E1-4AD7-B51A-2BB0106F2C25}"
EndProject
Project("{FAE04EC0-301F-11D3-BF4B-00C04F79EFBC}") = "Day11", "Day11\Day11.csproj", "{8D73EE97-843F-4AB3-AE0E-9F5F395B776E}"
EndProject
Project("{FAE04EC0-301F-11D3-BF4B-00C04F79EFBC}") = "Day12", "Day12\Day12.csproj", "{750DA703-C408-4A0A-84E7-9253298C068F}"
EndProject
Global
	GlobalSection(SolutionConfigurationPlatforms) = preSolution
		Debug|Any CPU = Debug|Any CPU
		Release|Any CPU = Release|Any CPU
	EndGlobalSection
	GlobalSection(ProjectConfigurationPlatforms) = postSolution
		{062071E9-EB11-412D-8043-D259D02FB71C}.Debug|Any CPU.ActiveCfg = Debug|Any CPU
		{062071E9-EB11-412D-8043-D259D02FB71C}.Debug|Any CPU.Build.0 = Debug|Any CPU
		{062071E9-EB11-412D-8043-D259D02FB71C}.Release|Any CPU.ActiveCfg = Release|Any CPU
		{062071E9-EB11-412D-8043-D259D02FB71C}.Release|Any CPU.Build.0 = Release|Any CPU
		{3DC0AE01-BD78-4EF6-9E76-D314E0F86221}.Debug|Any CPU.ActiveCfg = Debug|Any CPU
		{3DC0AE01-BD78-4EF6-9E76-D314E0F86221}.Debug|Any CPU.Build.0 = Debug|Any CPU
		{3DC0AE01-BD78-4EF6-9E76-D314E0F86221}.Release|Any CPU.ActiveCfg = Release|Any CPU
		{3DC0AE01-BD78-4EF6-9E76-D314E0F86221}.Release|Any CPU.Build.0 = Release|Any CPU
		{03DC9AF4-5ECC-4DF7-ABAC-5D57B73AB75C}.Debug|Any CPU.ActiveCfg = Debug|Any CPU
		{03DC9AF4-5ECC-4DF7-ABAC-5D57B73AB75C}.Debug|Any CPU.Build.0 = Debug|Any CPU
		{03DC9AF4-5ECC-4DF7-ABAC-5D57B73AB75C}.Release|Any CPU.ActiveCfg = Release|Any CPU
		{03DC9AF4-5ECC-4DF7-ABAC-5D57B73AB75C}.Release|Any CPU.Build.0 = Release|Any CPU
		{045408A3-E885-4F73-BEF0-31B8E8FEFAED}.Debug|Any CPU.ActiveCfg = Debug|Any CPU
		{045408A3-E885-4F73-BEF0-31B8E8FEFAED}.Debug|Any CPU.Build.0 = Debug|Any CPU
		{045408A3-E885-4F73-BEF0-31B8E8FEFAED}.Release|Any CPU.ActiveCfg = Release|Any CPU
		{045408A3-E885-4F73-BEF0-31B8E8FEFAED}.Release|Any CPU.Build.0 = Release|Any CPU
		{6D243800-562A-4E3E-AECA-B95ADEEB7119}.Debug|Any CPU.ActiveCfg = Debug|Any CPU
		{6D243800-562A-4E3E-AECA-B95ADEEB7119}.Debug|Any CPU.Build.0 = Debug|Any CPU
		{6D243800-562A-4E3E-AECA-B95ADEEB7119}.Release|Any CPU.ActiveCfg = Release|Any CPU
		{6D243800-562A-4E3E-AECA-B95ADEEB7119}.Release|Any CPU.Build.0 = Release|Any CPU
		{94ACFEDC-5EA0-4BFF-B138-890C00224B34}.Debug|Any CPU.ActiveCfg = Debug|Any CPU
		{94ACFEDC-5EA0-4BFF-B138-890C00224B34}.Debug|Any CPU.Build.0 = Debug|Any CPU
		{94ACFEDC-5EA0-4BFF-B138-890C00224B34}.Release|Any CPU.ActiveCfg = Release|Any CPU
		{94ACFEDC-5EA0-4BFF-B138-890C00224B34}.Release|Any CPU.Build.0 = Release|Any CPU
		{FAF33757-5E2C-40F0-8055-3D006EF52475}.Debug|Any CPU.ActiveCfg = Debug|Any CPU
		{FAF33757-5E2C-40F0-8055-3D006EF52475}.Debug|Any CPU.Build.0 = Debug|Any CPU
		{FAF33757-5E2C-40F0-8055-3D006EF52475}.Release|Any CPU.ActiveCfg = Release|Any CPU
		{FAF33757-5E2C-40F0-8055-3D006EF52475}.Release|Any CPU.Build.0 = Release|Any CPU
		{E6F5C13A-919D-4E8A-BD3F-28AC64963504}.Debug|Any CPU.ActiveCfg = Debug|Any CPU
		{E6F5C13A-919D-4E8A-BD3F-28AC64963504}.Debug|Any CPU.Build.0 = Debug|Any CPU
		{E6F5C13A-919D-4E8A-BD3F-28AC64963504}.Release|Any CPU.ActiveCfg = Release|Any CPU
		{E6F5C13A-919D-4E8A-BD3F-28AC64963504}.Release|Any CPU.Build.0 = Release|Any CPU
		{5E3C925E-1D4C-4175-9A40-803792496C4D}.Debug|Any CPU.ActiveCfg = Debug|Any CPU
		{5E3C925E-1D4C-4175-9A40-803792496C4D}.Debug|Any CPU.Build.0 = Debug|Any CPU
		{5E3C925E-1D4C-4175-9A40-803792496C4D}.Release|Any CPU.ActiveCfg = Release|Any CPU
		{5E3C925E-1D4C-4175-9A40-803792496C4D}.Release|Any CPU.Build.0 = Release|Any CPU
		{7E037B43-E7E1-4AD7-B51A-2BB0106F2C25}.Debug|Any CPU.ActiveCfg = Debug|Any CPU
		{7E037B43-E7E1-4AD7-B51A-2BB0106F2C25}.Debug|Any CPU.Build.0 = Debug|Any CPU
		{7E037B43-E7E1-4AD7-B51A-2BB0106F2C25}.Release|Any CPU.ActiveCfg = Release|Any CPU
		{7E037B43-E7E1-4AD7-B51A-2BB0106F2C25}.Release|Any CPU.Build.0 = Release|Any CPU
		{8D73EE97-843F-4AB3-AE0E-9F5F395B776E}.Debug|Any CPU.ActiveCfg = Debug|Any CPU
		{8D73EE97-843F-4AB3-AE0E-9F5F395B776E}.Debug|Any CPU.Build.0 = Debug|Any CPU
		{8D73EE97-843F-4AB3-AE0E-9F5F395B776E}.Release|Any CPU.ActiveCfg = Release|Any CPU
		{8D73EE97-843F-4AB3-AE0E-9F5F395B776E}.Release|Any CPU.Build.0 = Release|Any CPU
		{750DA703-C408-4A0A-84E7-9253298C068F}.Debug|Any CPU.ActiveCfg = Debug|Any CPU
		{750DA703-C408-4A0A-84E7-9253298C068F}.Debug|Any CPU.Build.0 = Debug|Any CPU
		{750DA703-C408-4A0A-84E7-9253298C068F}.Release|Any CPU.ActiveCfg = Release|Any CPU
		{750DA703-C408-4A0A-84E7-9253298C068F}.Release|Any CPU.Build.0 = Release|Any CPU
	EndGlobalSection
	GlobalSection(SolutionProperties) = preSolution
		HideSolutionNode = FALSE
	EndGlobalSection
EndGlobal
