
Microsoft Visual Studio Solution File, Format Version 12.00
# Visual Studio 2013
VisualStudioVersion = 12.0.0.0
MinimumVisualStudioVersion = 10.0.0.1
Project("{FAE04EC0-301F-11D3-BF4B-00C04F79EFBC}") = "Day01", "Day01\Day01.csproj", "{062071E9-EB11-412D-8043-D259D02FB71C}"
EndProject
Project("{FAE04EC0-301F-11D3-BF4B-00C04F79EFBC}") = "Day02", "Day02\Day02.csproj", "{3DC0AE01-BD78-4EF6-9E76-D314E0F86221}"
EndProject
Project("{FAE04EC0-301F-11D3-BF4B-00C04F79EFBC}") = "Day03", "Day03\Day03.csproj", "{03DC9AF4-5ECC-4DF7-ABAC-5D57B73AB75C}"
EndProject
Project("{FAE04EC0-301F-11D3-BF4B-00C04F79EFBC}") = "Day04", "Day04\Day04.csproj", "{045408A3-E885-4F73-BEF0-31B8E8FEFAED}"
EndProject
Project("{FAE04EC0-301F-11D3-BF4B-00C04F79EFBC}") = "Day05", "Day05\Day05.csproj", "{6D243800-562A-4E3E-AECA-B95ADEEB7119}"
EndProject
Project("{FAE04EC0-301F-11D3-BF4B-00C04F79EFBC}") = "Day06", "Day06\Day06.csproj", "{94ACFEDC-5EA0-4BFF-B138-890C00224B34}"
EndProject
Global
	GlobalSection(SolutionConfigurationPlatforms) = preSolution
		Debug|Any CPU = Debug|Any CPU
		Release|Any CPU = Release|Any CPU
	EndGlobalSection
	GlobalSection(ProjectConfigurationPlatforms) = postSolution
		{062071E9-EB11-412D-8043-D259D02FB71C}.Debug|Any CPU.ActiveCfg = Debug|Any CPU
		{062071E9-EB11-412D-8043-D259D02FB71C}.Debug|Any CPU.Build.0 = Debug|Any CPU
		{062071E9-EB11-412D-8043-D259D02FB71C}.Release|Any CPU.ActiveCfg = Release|Any CPU
		{062071E9-EB11-412D-8043-D259D02FB71C}.Release|Any CPU.Build.0 = Release|Any CPU
		{3DC0AE01-BD78-4EF6-9E76-D314E0F86221}.Debug|Any CPU.ActiveCfg = Debug|Any CPU
		{3DC0AE01-BD78-4EF6-9E76-D314E0F86221}.Debug|Any CPU.Build.0 = Debug|Any CPU
		{3DC0AE01-BD78-4EF6-9E76-D314E0F86221}.Release|Any CPU.ActiveCfg = Release|Any CPU
		{3DC0AE01-BD78-4EF6-9E76-D314E0F86221}.Release|Any CPU.Build.0 = Release|Any CPU
		{03DC9AF4-5ECC-4DF7-ABAC-5D57B73AB75C}.Debug|Any CPU.ActiveCfg = Debug|Any CPU
		{03DC9AF4-5ECC-4DF7-ABAC-5D57B73AB75C}.Debug|Any CPU.Build.0 = Debug|Any CPU
		{03DC9AF4-5ECC-4DF7-ABAC-5D57B73AB75C}.Release|Any CPU.ActiveCfg = Release|Any CPU
		{03DC9AF4-5ECC-4DF7-ABAC-5D57B73AB75C}.Release|Any CPU.Build.0 = Release|Any CPU
		{045408A3-E885-4F73-BEF0-31B8E8FEFAED}.Debug|Any CPU.ActiveCfg = Debug|Any CPU
		{045408A3-E885-4F73-BEF0-31B8E8FEFAED}.Debug|Any CPU.Build.0 = Debug|Any CPU
		{045408A3-E885-4F73-BEF0-31B8E8FEFAED}.Release|Any CPU.ActiveCfg = Release|Any CPU
		{045408A3-E885-4F73-BEF0-31B8E8FEFAED}.Release|Any CPU.Build.0 = Release|Any CPU
		{6D243800-562A-4E3E-AECA-B95ADEEB7119}.Debug|Any CPU.ActiveCfg = Debug|Any CPU
		{6D243800-562A-4E3E-AECA-B95ADEEB7119}.Debug|Any CPU.Build.0 = Debug|Any CPU
		{6D243800-562A-4E3E-AECA-B95ADEEB7119}.Release|Any CPU.ActiveCfg = Release|Any CPU
		{6D243800-562A-4E3E-AECA-B95ADEEB7119}.Release|Any CPU.Build.0 = Release|Any CPU
		{94ACFEDC-5EA0-4BFF-B138-890C00224B34}.Debug|Any CPU.ActiveCfg = Debug|Any CPU
		{94ACFEDC-5EA0-4BFF-B138-890C00224B34}.Debug|Any CPU.Build.0 = Debug|Any CPU
		{94ACFEDC-5EA0-4BFF-B138-890C00224B34}.Release|Any CPU.ActiveCfg = Release|Any CPU
		{94ACFEDC-5EA0-4BFF-B138-890C00224B34}.Release|Any CPU.Build.0 = Release|Any CPU
	EndGlobalSection
	GlobalSection(SolutionProperties) = preSolution
		HideSolutionNode = FALSE
	EndGlobalSection
EndGlobal
